
Microsoft Visual Studio Solution File, Format Version 12.00
# Visual Studio Version 17
VisualStudioVersion = 17.14.36202.13
MinimumVisualStudioVersion = 10.0.40219.1
Project("{FAE04EC0-301F-11D3-BF4B-00C04F79EFBC}") = "MultiTanentInvetory", "MultiTanentInvetory\MultiTanentInvetory.csproj", "{D30D3BFC-DF5A-4788-B273-84056B8A9C59}"
EndProject
Project("{FAE04EC0-301F-11D3-BF4B-00C04F79EFBC}") = "TestMTI", "TestMTI\TestMTI.csproj", "{7DCCF57E-3434-42DD-A011-2E5701F2D06A}"
EndProject
Global
	GlobalSection(SolutionConfigurationPlatforms) = preSolution
		Debug|Any CPU = Debug|Any CPU
		Release|Any CPU = Release|Any CPU
	EndGlobalSection
	GlobalSection(ProjectConfigurationPlatforms) = postSolution
		{D30D3BFC-DF5A-4788-B273-84056B8A9C59}.Debug|Any CPU.ActiveCfg = Debug|Any CPU
		{D30D3BFC-DF5A-4788-B273-84056B8A9C59}.Debug|Any CPU.Build.0 = Debug|Any CPU
		{D30D3BFC-DF5A-4788-B273-84056B8A9C59}.Release|Any CPU.ActiveCfg = Release|Any CPU
		{D30D3BFC-DF5A-4788-B273-84056B8A9C59}.Release|Any CPU.Build.0 = Release|Any CPU
		{7DCCF57E-3434-42DD-A011-2E5701F2D06A}.Debug|Any CPU.ActiveCfg = Debug|Any CPU
		{7DCCF57E-3434-42DD-A011-2E5701F2D06A}.Debug|Any CPU.Build.0 = Debug|Any CPU
		{7DCCF57E-3434-42DD-A011-2E5701F2D06A}.Release|Any CPU.ActiveCfg = Release|Any CPU
		{7DCCF57E-3434-42DD-A011-2E5701F2D06A}.Release|Any CPU.Build.0 = Release|Any CPU
	EndGlobalSection
	GlobalSection(SolutionProperties) = preSolution
		HideSolutionNode = FALSE
	EndGlobalSection
	GlobalSection(ExtensibilityGlobals) = postSolution
		SolutionGuid = {7F451956-2369-4AB9-980A-0451F14312CD}
	EndGlobalSection
EndGlobal
